// !$*UTF8*$!
{
	archiveVersion = 1;
	classes = {
	};
	objectVersion = 50;
	objects = {

/* Begin PBXBuildFile section */
		16BDB08D24237179004DC4AC /* AppDelegate.swift in Sources */ = {isa = PBXBuildFile; fileRef = 16BDB08C24237179004DC4AC /* AppDelegate.swift */; };
		16BDB08F24237179004DC4AC /* SceneDelegate.swift in Sources */ = {isa = PBXBuildFile; fileRef = 16BDB08E24237179004DC4AC /* SceneDelegate.swift */; };
		16BDB09124237179004DC4AC /* ViewController.swift in Sources */ = {isa = PBXBuildFile; fileRef = 16BDB09024237179004DC4AC /* ViewController.swift */; };
		16BDB09424237179004DC4AC /* Main.storyboard in Resources */ = {isa = PBXBuildFile; fileRef = 16BDB09224237179004DC4AC /* Main.storyboard */; };
		16BDB0962423717A004DC4AC /* Assets.xcassets in Resources */ = {isa = PBXBuildFile; fileRef = 16BDB0952423717A004DC4AC /* Assets.xcassets */; };
		16BDB0992423717A004DC4AC /* LaunchScreen.storyboard in Resources */ = {isa = PBXBuildFile; fileRef = 16BDB0972423717A004DC4AC /* LaunchScreen.storyboard */; };
		16BDB0A42423717B004DC4AC /* ABGTests.swift in Sources */ = {isa = PBXBuildFile; fileRef = 16BDB0A32423717B004DC4AC /* ABGTests.swift */; };
		16BDB0AF2423717B004DC4AC /* ABGUITests.swift in Sources */ = {isa = PBXBuildFile; fileRef = 16BDB0AE2423717B004DC4AC /* ABGUITests.swift */; };
		16BDB0BE242371AE004DC4AC /* ABG.swift in Sources */ = {isa = PBXBuildFile; fileRef = 16BDB0BC242371AD004DC4AC /* ABG.swift */; };
		16BDB0BF242371AE004DC4AC /* ABGContext.swift in Sources */ = {isa = PBXBuildFile; fileRef = 16BDB0BD242371AE004DC4AC /* ABGContext.swift */; };
/* End PBXBuildFile section */

/* Begin PBXContainerItemProxy section */
		16BDB0A02423717B004DC4AC /* PBXContainerItemProxy */ = {
			isa = PBXContainerItemProxy;
			containerPortal = 16BDB08124237179004DC4AC /* Project object */;
			proxyType = 1;
			remoteGlobalIDString = 16BDB08824237179004DC4AC;
			remoteInfo = ABG;
		};
		16BDB0AB2423717B004DC4AC /* PBXContainerItemProxy */ = {
			isa = PBXContainerItemProxy;
			containerPortal = 16BDB08124237179004DC4AC /* Project object */;
			proxyType = 1;
			remoteGlobalIDString = 16BDB08824237179004DC4AC;
			remoteInfo = ABG;
		};
/* End PBXContainerItemProxy section */

/* Begin PBXFileReference section */
		16BDB08924237179004DC4AC /* ABG.app */ = {isa = PBXFileReference; explicitFileType = wrapper.application; includeInIndex = 0; path = ABG.app; sourceTree = BUILT_PRODUCTS_DIR; };
		16BDB08C24237179004DC4AC /* AppDelegate.swift */ = {isa = PBXFileReference; lastKnownFileType = sourcecode.swift; path = AppDelegate.swift; sourceTree = "<group>"; };
		16BDB08E24237179004DC4AC /* SceneDelegate.swift */ = {isa = PBXFileReference; lastKnownFileType = sourcecode.swift; path = SceneDelegate.swift; sourceTree = "<group>"; };
		16BDB09024237179004DC4AC /* ViewController.swift */ = {isa = PBXFileReference; lastKnownFileType = sourcecode.swift; path = ViewController.swift; sourceTree = "<group>"; };
		16BDB09324237179004DC4AC /* Base */ = {isa = PBXFileReference; lastKnownFileType = file.storyboard; name = Base; path = Base.lproj/Main.storyboard; sourceTree = "<group>"; };
		16BDB0952423717A004DC4AC /* Assets.xcassets */ = {isa = PBXFileReference; lastKnownFileType = folder.assetcatalog; path = Assets.xcassets; sourceTree = "<group>"; };
		16BDB0982423717A004DC4AC /* Base */ = {isa = PBXFileReference; lastKnownFileType = file.storyboard; name = Base; path = Base.lproj/LaunchScreen.storyboard; sourceTree = "<group>"; };
		16BDB09A2423717A004DC4AC /* Info.plist */ = {isa = PBXFileReference; lastKnownFileType = text.plist.xml; path = Info.plist; sourceTree = "<group>"; };
		16BDB09F2423717B004DC4AC /* ABGTests.xctest */ = {isa = PBXFileReference; explicitFileType = wrapper.cfbundle; includeInIndex = 0; path = ABGTests.xctest; sourceTree = BUILT_PRODUCTS_DIR; };
		16BDB0A32423717B004DC4AC /* ABGTests.swift */ = {isa = PBXFileReference; lastKnownFileType = sourcecode.swift; path = ABGTests.swift; sourceTree = "<group>"; };
		16BDB0A52423717B004DC4AC /* Info.plist */ = {isa = PBXFileReference; lastKnownFileType = text.plist.xml; path = Info.plist; sourceTree = "<group>"; };
		16BDB0AA2423717B004DC4AC /* ABGUITests.xctest */ = {isa = PBXFileReference; explicitFileType = wrapper.cfbundle; includeInIndex = 0; path = ABGUITests.xctest; sourceTree = BUILT_PRODUCTS_DIR; };
		16BDB0AE2423717B004DC4AC /* ABGUITests.swift */ = {isa = PBXFileReference; lastKnownFileType = sourcecode.swift; path = ABGUITests.swift; sourceTree = "<group>"; };
		16BDB0B02423717B004DC4AC /* Info.plist */ = {isa = PBXFileReference; lastKnownFileType = text.plist.xml; path = Info.plist; sourceTree = "<group>"; };
		16BDB0BC242371AD004DC4AC /* ABG.swift */ = {isa = PBXFileReference; fileEncoding = 4; lastKnownFileType = sourcecode.swift; path = ABG.swift; sourceTree = "<group>"; };
		16BDB0BD242371AE004DC4AC /* ABGContext.swift */ = {isa = PBXFileReference; fileEncoding = 4; lastKnownFileType = sourcecode.swift; path = ABGContext.swift; sourceTree = "<group>"; };
/* End PBXFileReference section */

/* Begin PBXFrameworksBuildPhase section */
		16BDB08624237179004DC4AC /* Frameworks */ = {
			isa = PBXFrameworksBuildPhase;
			buildActionMask = 2147483647;
			files = (
			);
			runOnlyForDeploymentPostprocessing = 0;
		};
		16BDB09C2423717B004DC4AC /* Frameworks */ = {
			isa = PBXFrameworksBuildPhase;
			buildActionMask = 2147483647;
			files = (
			);
			runOnlyForDeploymentPostprocessing = 0;
		};
		16BDB0A72423717B004DC4AC /* Frameworks */ = {
			isa = PBXFrameworksBuildPhase;
			buildActionMask = 2147483647;
			files = (
			);
			runOnlyForDeploymentPostprocessing = 0;
		};
/* End PBXFrameworksBuildPhase section */

/* Begin PBXGroup section */
		16BDB08024237179004DC4AC = {
			isa = PBXGroup;
			children = (
				16BDB08B24237179004DC4AC /* ABG */,
				16BDB0A22423717B004DC4AC /* ABGTests */,
				16BDB0AD2423717B004DC4AC /* ABGUITests */,
				16BDB08A24237179004DC4AC /* Products */,
			);
			sourceTree = "<group>";
		};
		16BDB08A24237179004DC4AC /* Products */ = {
			isa = PBXGroup;
			children = (
				16BDB08924237179004DC4AC /* ABG.app */,
				16BDB09F2423717B004DC4AC /* ABGTests.xctest */,
				16BDB0AA2423717B004DC4AC /* ABGUITests.xctest */,
			);
			name = Products;
			sourceTree = "<group>";
		};
		16BDB08B24237179004DC4AC /* ABG */ = {
			isa = PBXGroup;
			children = (
				16BDB0BD242371AE004DC4AC /* ABGContext.swift */,
				16BDB0BC242371AD004DC4AC /* ABG.swift */,
				16BDB08C24237179004DC4AC /* AppDelegate.swift */,
				16BDB08E24237179004DC4AC /* SceneDelegate.swift */,
				16BDB09024237179004DC4AC /* ViewController.swift */,
				16BDB09224237179004DC4AC /* Main.storyboard */,
				16BDB0952423717A004DC4AC /* Assets.xcassets */,
				16BDB0972423717A004DC4AC /* LaunchScreen.storyboard */,
				16BDB09A2423717A004DC4AC /* Info.plist */,
			);
			path = ABG;
			sourceTree = "<group>";
		};
		16BDB0A22423717B004DC4AC /* ABGTests */ = {
			isa = PBXGroup;
			children = (
				16BDB0A32423717B004DC4AC /* ABGTests.swift */,
				16BDB0A52423717B004DC4AC /* Info.plist */,
			);
			path = ABGTests;
			sourceTree = "<group>";
		};
		16BDB0AD2423717B004DC4AC /* ABGUITests */ = {
			isa = PBXGroup;
			children = (
				16BDB0AE2423717B004DC4AC /* ABGUITests.swift */,
				16BDB0B02423717B004DC4AC /* Info.plist */,
			);
			path = ABGUITests;
			sourceTree = "<group>";
		};
/* End PBXGroup section */

/* Begin PBXNativeTarget section */
		16BDB08824237179004DC4AC /* ABG */ = {
			isa = PBXNativeTarget;
			buildConfigurationList = 16BDB0B32423717B004DC4AC /* Build configuration list for PBXNativeTarget "ABG" */;
			buildPhases = (
				16BDB08524237179004DC4AC /* Sources */,
				16BDB08624237179004DC4AC /* Frameworks */,
				16BDB08724237179004DC4AC /* Resources */,
			);
			buildRules = (
			);
			dependencies = (
			);
			name = ABG;
			productName = ABG;
			productReference = 16BDB08924237179004DC4AC /* ABG.app */;
			productType = "com.apple.product-type.application";
		};
		16BDB09E2423717B004DC4AC /* ABGTests */ = {
			isa = PBXNativeTarget;
			buildConfigurationList = 16BDB0B62423717B004DC4AC /* Build configuration list for PBXNativeTarget "ABGTests" */;
			buildPhases = (
				16BDB09B2423717B004DC4AC /* Sources */,
				16BDB09C2423717B004DC4AC /* Frameworks */,
				16BDB09D2423717B004DC4AC /* Resources */,
			);
			buildRules = (
			);
			dependencies = (
				16BDB0A12423717B004DC4AC /* PBXTargetDependency */,
			);
			name = ABGTests;
			productName = ABGTests;
			productReference = 16BDB09F2423717B004DC4AC /* ABGTests.xctest */;
			productType = "com.apple.product-type.bundle.unit-test";
		};
		16BDB0A92423717B004DC4AC /* ABGUITests */ = {
			isa = PBXNativeTarget;
			buildConfigurationList = 16BDB0B92423717B004DC4AC /* Build configuration list for PBXNativeTarget "ABGUITests" */;
			buildPhases = (
				16BDB0A62423717B004DC4AC /* Sources */,
				16BDB0A72423717B004DC4AC /* Frameworks */,
				16BDB0A82423717B004DC4AC /* Resources */,
			);
			buildRules = (
			);
			dependencies = (
				16BDB0AC2423717B004DC4AC /* PBXTargetDependency */,
			);
			name = ABGUITests;
			productName = ABGUITests;
			productReference = 16BDB0AA2423717B004DC4AC /* ABGUITests.xctest */;
			productType = "com.apple.product-type.bundle.ui-testing";
		};
/* End PBXNativeTarget section */

/* Begin PBXProject section */
		16BDB08124237179004DC4AC /* Project object */ = {
			isa = PBXProject;
			attributes = {
				LastSwiftUpdateCheck = 1110;
				LastUpgradeCheck = 1110;
				ORGANIZATIONNAME = com.wujungao;
				TargetAttributes = {
					16BDB08824237179004DC4AC = {
						CreatedOnToolsVersion = 11.1;
					};
					16BDB09E2423717B004DC4AC = {
						CreatedOnToolsVersion = 11.1;
						TestTargetID = 16BDB08824237179004DC4AC;
					};
					16BDB0A92423717B004DC4AC = {
						CreatedOnToolsVersion = 11.1;
						TestTargetID = 16BDB08824237179004DC4AC;
					};
				};
			};
			buildConfigurationList = 16BDB08424237179004DC4AC /* Build configuration list for PBXProject "ABG" */;
			compatibilityVersion = "Xcode 9.3";
			developmentRegion = en;
			hasScannedForEncodings = 0;
			knownRegions = (
				en,
				Base,
			);
			mainGroup = 16BDB08024237179004DC4AC;
			productRefGroup = 16BDB08A24237179004DC4AC /* Products */;
			projectDirPath = "";
			projectRoot = "";
			targets = (
				16BDB08824237179004DC4AC /* ABG */,
				16BDB09E2423717B004DC4AC /* ABGTests */,
				16BDB0A92423717B004DC4AC /* ABGUITests */,
			);
		};
/* End PBXProject section */

/* Begin PBXResourcesBuildPhase section */
		16BDB08724237179004DC4AC /* Resources */ = {
			isa = PBXResourcesBuildPhase;
			buildActionMask = 2147483647;
			files = (
				16BDB0992423717A004DC4AC /* LaunchScreen.storyboard in Resources */,
				16BDB0962423717A004DC4AC /* Assets.xcassets in Resources */,
				16BDB09424237179004DC4AC /* Main.storyboard in Resources */,
			);
			runOnlyForDeploymentPostprocessing = 0;
		};
		16BDB09D2423717B004DC4AC /* Resources */ = {
			isa = PBXResourcesBuildPhase;
			buildActionMask = 2147483647;
			files = (
			);
			runOnlyForDeploymentPostprocessing = 0;
		};
		16BDB0A82423717B004DC4AC /* Resources */ = {
			isa = PBXResourcesBuildPhase;
			buildActionMask = 2147483647;
			files = (
			);
			runOnlyForDeploymentPostprocessing = 0;
		};
/* End PBXResourcesBuildPhase section */

/* Begin PBXSourcesBuildPhase section */
		16BDB08524237179004DC4AC /* Sources */ = {
			isa = PBXSourcesBuildPhase;
			buildActionMask = 2147483647;
			files = (
				16BDB0BE242371AE004DC4AC /* ABG.swift in Sources */,
				16BDB0BF242371AE004DC4AC /* ABGContext.swift in Sources */,
				16BDB09124237179004DC4AC /* ViewController.swift in Sources */,
				16BDB08D24237179004DC4AC /* AppDelegate.swift in Sources */,
				16BDB08F24237179004DC4AC /* SceneDelegate.swift in Sources */,
			);
			runOnlyForDeploymentPostprocessing = 0;
		};
		16BDB09B2423717B004DC4AC /* Sources */ = {
			isa = PBXSourcesBuildPhase;
			buildActionMask = 2147483647;
			files = (
				16BDB0A42423717B004DC4AC /* ABGTests.swift in Sources */,
			);
			runOnlyForDeploymentPostprocessing = 0;
		};
		16BDB0A62423717B004DC4AC /* Sources */ = {
			isa = PBXSourcesBuildPhase;
			buildActionMask = 2147483647;
			files = (
				16BDB0AF2423717B004DC4AC /* ABGUITests.swift in Sources */,
			);
			runOnlyForDeploymentPostprocessing = 0;
		};
/* End PBXSourcesBuildPhase section */

/* Begin PBXTargetDependency section */
		16BDB0A12423717B004DC4AC /* PBXTargetDependency */ = {
			isa = PBXTargetDependency;
			target = 16BDB08824237179004DC4AC /* ABG */;
			targetProxy = 16BDB0A02423717B004DC4AC /* PBXContainerItemProxy */;
		};
		16BDB0AC2423717B004DC4AC /* PBXTargetDependency */ = {
			isa = PBXTargetDependency;
			target = 16BDB08824237179004DC4AC /* ABG */;
			targetProxy = 16BDB0AB2423717B004DC4AC /* PBXContainerItemProxy */;
		};
/* End PBXTargetDependency section */

/* Begin PBXVariantGroup section */
		16BDB09224237179004DC4AC /* Main.storyboard */ = {
			isa = PBXVariantGroup;
			children = (
				16BDB09324237179004DC4AC /* Base */,
			);
			name = Main.storyboard;
			sourceTree = "<group>";
		};
		16BDB0972423717A004DC4AC /* LaunchScreen.storyboard */ = {
			isa = PBXVariantGroup;
			children = (
				16BDB0982423717A004DC4AC /* Base */,
			);
			name = LaunchScreen.storyboard;
			sourceTree = "<group>";
		};
/* End PBXVariantGroup section */

/* Begin XCBuildConfiguration section */
		16BDB0B12423717B004DC4AC /* Debug */ = {
			isa = XCBuildConfiguration;
			buildSettings = {
				ALWAYS_SEARCH_USER_PATHS = NO;
				CLANG_ANALYZER_NONNULL = YES;
				CLANG_ANALYZER_NUMBER_OBJECT_CONVERSION = YES_AGGRESSIVE;
				CLANG_CXX_LANGUAGE_STANDARD = "gnu++14";
				CLANG_CXX_LIBRARY = "libc++";
				CLANG_ENABLE_MODULES = YES;
				CLANG_ENABLE_OBJC_ARC = YES;
				CLANG_ENABLE_OBJC_WEAK = YES;
				CLANG_WARN_BLOCK_CAPTURE_AUTORELEASING = YES;
				CLANG_WARN_BOOL_CONVERSION = YES;
				CLANG_WARN_COMMA = YES;
				CLANG_WARN_CONSTANT_CONVERSION = YES;
				CLANG_WARN_DEPRECATED_OBJC_IMPLEMENTATIONS = YES;
				CLANG_WARN_DIRECT_OBJC_ISA_USAGE = YES_ERROR;
				CLANG_WARN_DOCUMENTATION_COMMENTS = YES;
				CLANG_WARN_EMPTY_BODY = YES;
				CLANG_WARN_ENUM_CONVERSION = YES;
				CLANG_WARN_INFINITE_RECURSION = YES;
				CLANG_WARN_INT_CONVERSION = YES;
				CLANG_WARN_NON_LITERAL_NULL_CONVERSION = YES;
				CLANG_WARN_OBJC_IMPLICIT_RETAIN_SELF = YES;
				CLANG_WARN_OBJC_LITERAL_CONVERSION = YES;
				CLANG_WARN_OBJC_ROOT_CLASS = YES_ERROR;
				CLANG_WARN_RANGE_LOOP_ANALYSIS = YES;
				CLANG_WARN_STRICT_PROTOTYPES = YES;
				CLANG_WARN_SUSPICIOUS_MOVE = YES;
				CLANG_WARN_UNGUARDED_AVAILABILITY = YES_AGGRESSIVE;
				CLANG_WARN_UNREACHABLE_CODE = YES;
				CLANG_WARN__DUPLICATE_METHOD_MATCH = YES;
				COPY_PHASE_STRIP = NO;
				DEBUG_INFORMATION_FORMAT = dwarf;
				ENABLE_STRICT_OBJC_MSGSEND = YES;
				ENABLE_TESTABILITY = YES;
				GCC_C_LANGUAGE_STANDARD = gnu11;
				GCC_DYNAMIC_NO_PIC = NO;
				GCC_NO_COMMON_BLOCKS = YES;
				GCC_OPTIMIZATION_LEVEL = 0;
				GCC_PREPROCESSOR_DEFINITIONS = (
					"DEBUG=1",
					"$(inherited)",
				);
				GCC_WARN_64_TO_32_BIT_CONVERSION = YES;
				GCC_WARN_ABOUT_RETURN_TYPE = YES_ERROR;
				GCC_WARN_UNDECLARED_SELECTOR = YES;
				GCC_WARN_UNINITIALIZED_AUTOS = YES_AGGRESSIVE;
				GCC_WARN_UNUSED_FUNCTION = YES;
				GCC_WARN_UNUSED_VARIABLE = YES;
				IPHONEOS_DEPLOYMENT_TARGET = 13.1;
				MTL_ENABLE_DEBUG_INFO = INCLUDE_SOURCE;
				MTL_FAST_MATH = YES;
				ONLY_ACTIVE_ARCH = YES;
				SDKROOT = iphoneos;
				SWIFT_ACTIVE_COMPILATION_CONDITIONS = DEBUG;
				SWIFT_OPTIMIZATION_LEVEL = "-Onone";
			};
			name = Debug;
		};
		16BDB0B22423717B004DC4AC /* Release */ = {
			isa = XCBuildConfiguration;
			buildSettings = {
				ALWAYS_SEARCH_USER_PATHS = NO;
				CLANG_ANALYZER_NONNULL = YES;
				CLANG_ANALYZER_NUMBER_OBJECT_CONVERSION = YES_AGGRESSIVE;
				CLANG_CXX_LANGUAGE_STANDARD = "gnu++14";
				CLANG_CXX_LIBRARY = "libc++";
				CLANG_ENABLE_MODULES = YES;
				CLANG_ENABLE_OBJC_ARC = YES;
				CLANG_ENABLE_OBJC_WEAK = YES;
				CLANG_WARN_BLOCK_CAPTURE_AUTORELEASING = YES;
				CLANG_WARN_BOOL_CONVERSION = YES;
				CLANG_WARN_COMMA = YES;
				CLANG_WARN_CONSTANT_CONVERSION = YES;
				CLANG_WARN_DEPRECATED_OBJC_IMPLEMENTATIONS = YES;
				CLANG_WARN_DIRECT_OBJC_ISA_USAGE = YES_ERROR;
				CLANG_WARN_DOCUMENTATION_COMMENTS = YES;
				CLANG_WARN_EMPTY_BODY = YES;
				CLANG_WARN_ENUM_CONVERSION = YES;
				CLANG_WARN_INFINITE_RECURSION = YES;
				CLANG_WARN_INT_CONVERSION = YES;
				CLANG_WARN_NON_LITERAL_NULL_CONVERSION = YES;
				CLANG_WARN_OBJC_IMPLICIT_RETAIN_SELF = YES;
				CLANG_WARN_OBJC_LITERAL_CONVERSION = YES;
				CLANG_WARN_OBJC_ROOT_CLASS = YES_ERROR;
				CLANG_WARN_RANGE_LOOP_ANALYSIS = YES;
				CLANG_WARN_STRICT_PROTOTYPES = YES;
				CLANG_WARN_SUSPICIOUS_MOVE = YES;
				CLANG_WARN_UNGUARDED_AVAILABILITY = YES_AGGRESSIVE;
				CLANG_WARN_UNREACHABLE_CODE = YES;
				CLANG_WARN__DUPLICATE_METHOD_MATCH = YES;
				COPY_PHASE_STRIP = NO;
				DEBUG_INFORMATION_FORMAT = "dwarf-with-dsym";
				ENABLE_NS_ASSERTIONS = NO;
				ENABLE_STRICT_OBJC_MSGSEND = YES;
				GCC_C_LANGUAGE_STANDARD = gnu11;
				GCC_NO_COMMON_BLOCKS = YES;
				GCC_WARN_64_TO_32_BIT_CONVERSION = YES;
				GCC_WARN_ABOUT_RETURN_TYPE = YES_ERROR;
				GCC_WARN_UNDECLARED_SELECTOR = YES;
				GCC_WARN_UNINITIALIZED_AUTOS = YES_AGGRESSIVE;
				GCC_WARN_UNUSED_FUNCTION = YES;
				GCC_WARN_UNUSED_VARIABLE = YES;
				IPHONEOS_DEPLOYMENT_TARGET = 13.1;
				MTL_ENABLE_DEBUG_INFO = NO;
				MTL_FAST_MATH = YES;
				SDKROOT = iphoneos;
				SWIFT_COMPILATION_MODE = wholemodule;
				SWIFT_OPTIMIZATION_LEVEL = "-O";
				VALIDATE_PRODUCT = YES;
			};
			name = Release;
		};
		16BDB0B42423717B004DC4AC /* Debug */ = {
			isa = XCBuildConfiguration;
			buildSettings = {
				ASSETCATALOG_COMPILER_APPICON_NAME = AppIcon;
				CODE_SIGN_STYLE = Automatic;
				DEVELOPMENT_TEAM = SGP5WX546J;
				INFOPLIST_FILE = ABG/Info.plist;
				LD_RUNPATH_SEARCH_PATHS = (
					"$(inherited)",
					"@executable_path/Frameworks",
				);
				PRODUCT_BUNDLE_IDENTIFIER = proj.demo.ABG;
				PRODUCT_NAME = "$(TARGET_NAME)";
				SWIFT_VERSION = 5.0;
				TARGETED_DEVICE_FAMILY = "1,2";
			};
			name = Debug;
		};
		16BDB0B52423717B004DC4AC /* Release */ = {
			isa = XCBuildConfiguration;
			buildSettings = {
				ASSETCATALOG_COMPILER_APPICON_NAME = AppIcon;
				CODE_SIGN_STYLE = Automatic;
				DEVELOPMENT_TEAM = SGP5WX546J;
				INFOPLIST_FILE = ABG/Info.plist;
				LD_RUNPATH_SEARCH_PATHS = (
					"$(inherited)",
					"@executable_path/Frameworks",
				);
				PRODUCT_BUNDLE_IDENTIFIER = proj.demo.ABG;
				PRODUCT_NAME = "$(TARGET_NAME)";
				SWIFT_VERSION = 5.0;
				TARGETED_DEVICE_FAMILY = "1,2";
			};
			name = Release;
		};
		16BDB0B72423717B004DC4AC /* Debug */ = {
			isa = XCBuildConfiguration;
			buildSettings = {
				ALWAYS_EMBED_SWIFT_STANDARD_LIBRARIES = YES;
				BUNDLE_LOADER = "$(TEST_HOST)";
				CODE_SIGN_STYLE = Automatic;
				DEVELOPMENT_TEAM = SGP5WX546J;
				INFOPLIST_FILE = ABGTests/Info.plist;
				IPHONEOS_DEPLOYMENT_TARGET = 13.1;
				LD_RUNPATH_SEARCH_PATHS = (
					"$(inherited)",
					"@executable_path/Frameworks",
					"@loader_path/Frameworks",
				);
				PRODUCT_BUNDLE_IDENTIFIER = proj.demo.ABGTests;
				PRODUCT_NAME = "$(TARGET_NAME)";
				SWIFT_VERSION = 5.0;
				TARGETED_DEVICE_FAMILY = "1,2";
				TEST_HOST = "$(BUILT_PRODUCTS_DIR)/ABG.app/ABG";
			};
			name = Debug;
		};
		16BDB0B82423717B004DC4AC /* Release */ = {
			isa = XCBuildConfiguration;
			buildSettings = {
				ALWAYS_EMBED_SWIFT_STANDARD_LIBRARIES = YES;
				BUNDLE_LOADER = "$(TEST_HOST)";
				CODE_SIGN_STYLE = Automatic;
				DEVELOPMENT_TEAM = SGP5WX546J;
				INFOPLIST_FILE = ABGTests/Info.plist;
				IPHONEOS_DEPLOYMENT_TARGET = 13.1;
				LD_RUNPATH_SEARCH_PATHS = (
					"$(inherited)",
					"@executable_path/Frameworks",
					"@loader_path/Frameworks",
				);
				PRODUCT_BUNDLE_IDENTIFIER = proj.demo.ABGTests;
				PRODUCT_NAME = "$(TARGET_NAME)";
				SWIFT_VERSION = 5.0;
				TARGETED_DEVICE_FAMILY = "1,2";
				TEST_HOST = "$(BUILT_PRODUCTS_DIR)/ABG.app/ABG";
			};
			name = Release;
		};
		16BDB0BA2423717B004DC4AC /* Debug */ = {
			isa = XCBuildConfiguration;
			buildSettings = {
				ALWAYS_EMBED_SWIFT_STANDARD_LIBRARIES = YES;
				CODE_SIGN_STYLE = Automatic;
				DEVELOPMENT_TEAM = SGP5WX546J;
				INFOPLIST_FILE = ABGUITests/Info.plist;
				LD_RUNPATH_SEARCH_PATHS = (
					"$(inherited)",
					"@executable_path/Frameworks",
					"@loader_path/Frameworks",
				);
				PRODUCT_BUNDLE_IDENTIFIER = proj.demo.ABGUITests;
				PRODUCT_NAME = "$(TARGET_NAME)";
				SWIFT_VERSION = 5.0;
				TARGETED_DEVICE_FAMILY = "1,2";
				TEST_TARGET_NAME = ABG;
			};
			name = Debug;
		};
		16BDB0BB2423717B004DC4AC /* Release */ = {
			isa = XCBuildConfiguration;
			buildSettings = {
				ALWAYS_EMBED_SWIFT_STANDARD_LIBRARIES = YES;
				CODE_SIGN_STYLE = Automatic;
				DEVELOPMENT_TEAM = SGP5WX546J;
				INFOPLIST_FILE = ABGUITests/Info.plist;
				LD_RUNPATH_SEARCH_PATHS = (
					"$(inherited)",
					"@executable_path/Frameworks",
					"@loader_path/Frameworks",
				);
				PRODUCT_BUNDLE_IDENTIFIER = proj.demo.ABGUITests;
				PRODUCT_NAME = "$(TARGET_NAME)";
				SWIFT_VERSION = 5.0;
				TARGETED_DEVICE_FAMILY = "1,2";
				TEST_TARGET_NAME = ABG;
			};
			name = Release;
		};
/* End XCBuildConfiguration section */

/* Begin XCConfigurationList section */
		16BDB08424237179004DC4AC /* Build configuration list for PBXProject "ABG" */ = {
			isa = XCConfigurationList;
			buildConfigurations = (
				16BDB0B12423717B004DC4AC /* Debug */,
				16BDB0B22423717B004DC4AC /* Release */,
			);
			defaultConfigurationIsVisible = 0;
			defaultConfigurationName = Release;
		};
		16BDB0B32423717B004DC4AC /* Build configuration list for PBXNativeTarget "ABG" */ = {
			isa = XCConfigurationList;
			buildConfigurations = (
				16BDB0B42423717B004DC4AC /* Debug */,
				16BDB0B52423717B004DC4AC /* Release */,
			);
			defaultConfigurationIsVisible = 0;
			defaultConfigurationName = Release;
		};
		16BDB0B62423717B004DC4AC /* Build configuration list for PBXNativeTarget "ABGTests" */ = {
			isa = XCConfigurationList;
			buildConfigurations = (
				16BDB0B72423717B004DC4AC /* Debug */,
				16BDB0B82423717B004DC4AC /* Release */,
			);
			defaultConfigurationIsVisible = 0;
			defaultConfigurationName = Release;
		};
		16BDB0B92423717B004DC4AC /* Build configuration list for PBXNativeTarget "ABGUITests" */ = {
			isa = XCConfigurationList;
			buildConfigurations = (
				16BDB0BA2423717B004DC4AC /* Debug */,
				16BDB0BB2423717B004DC4AC /* Release */,
			);
			defaultConfigurationIsVisible = 0;
			defaultConfigurationName = Release;
		};
/* End XCConfigurationList section */
	};
	rootObject = 16BDB08124237179004DC4AC /* Project object */;
}
